
Microsoft Visual Studio Solution File, Format Version 12.00
# Visual Studio Version 17
VisualStudioVersion = 17.0.31903.59
MinimumVisualStudioVersion = 10.0.40219.1
Project("{2150E333-8FDC-42A3-9474-1A3956D46DE8}") = "src", "src", "{BC82E90F-259E-47BE-ADB9-464897C76D1A}"
EndProject
Project("{FAE04EC0-301F-11D3-BF4B-00C04F79EFBC}") = "AuctionService", "src\AuctionService\AuctionService.csproj", "{2591C307-974A-474E-B564-A798A46518F1}"
EndProject
Global
	GlobalSection(SolutionConfigurationPlatforms) = preSolution
		Debug|Any CPU = Debug|Any CPU
		Release|Any CPU = Release|Any CPU
	EndGlobalSection
	GlobalSection(SolutionProperties) = preSolution
		HideSolutionNode = FALSE
	EndGlobalSection
	GlobalSection(ProjectConfigurationPlatforms) = postSolution
		{2591C307-974A-474E-B564-A798A46518F1}.Debug|Any CPU.ActiveCfg = Debug|Any CPU
		{2591C307-974A-474E-B564-A798A46518F1}.Debug|Any CPU.Build.0 = Debug|Any CPU
		{2591C307-974A-474E-B564-A798A46518F1}.Release|Any CPU.ActiveCfg = Release|Any CPU
		{2591C307-974A-474E-B564-A798A46518F1}.Release|Any CPU.Build.0 = Release|Any CPU
	EndGlobalSection
	GlobalSection(NestedProjects) = preSolution
		{2591C307-974A-474E-B564-A798A46518F1} = {BC82E90F-259E-47BE-ADB9-464897C76D1A}
	EndGlobalSection
EndGlobal
